
Microsoft Visual Studio Solution File, Format Version 12.00
# Visual Studio Version 16
VisualStudioVersion = 16.0.29509.3
MinimumVisualStudioVersion = 10.0.40219.1
Project("{9A19103F-16F7-4668-BE54-9A1E7A4F7556}") = "Pact.App.Core", "Pact.App.Core\Pact.App.Core.csproj", "{CBD3EEB4-FA94-4E45-BDF9-2ED7999A2394}"
EndProject
Project("{FAE04EC0-301F-11D3-BF4B-00C04F79EFBC}") = "Pact.App.Mobile.iOS", "Pact.App.Mobile\Pact.App.Mobile.iOS\Pact.App.Mobile.iOS.csproj", "{F0D8C500-36F2-4BF6-83F6-EAEA680A345B}"
EndProject
Project("{FAE04EC0-301F-11D3-BF4B-00C04F79EFBC}") = "Pact.App.Mobile.UWP", "Pact.App.Mobile\Pact.App.Mobile.UWP\Pact.App.Mobile.UWP.csproj", "{64E0D128-626B-488B-8C38-FFB3F791416E}"
EndProject
Project("{9A19103F-16F7-4668-BE54-9A1E7A4F7556}") = "Pact.App.Mobile", "Pact.App.Mobile\Pact.App.Mobile\Pact.App.Mobile.csproj", "{D062ADD0-FC41-4C74-B39A-8594D5AD5BE0}"
EndProject
Project("{FAE04EC0-301F-11D3-BF4B-00C04F79EFBC}") = "Pact.App.Mobile.Android", "Pact.App.Mobile\Pact.App.Mobile.Android\Pact.App.Mobile.Android.csproj", "{72BD0771-DD45-4604-90C7-07733819B29A}"
EndProject
Global
	GlobalSection(SolutionConfigurationPlatforms) = preSolution
		Ad-Hoc|Any CPU = Ad-Hoc|Any CPU
		Ad-Hoc|ARM = Ad-Hoc|ARM
		Ad-Hoc|iPhone = Ad-Hoc|iPhone
		Ad-Hoc|iPhoneSimulator = Ad-Hoc|iPhoneSimulator
		Ad-Hoc|x64 = Ad-Hoc|x64
		Ad-Hoc|x86 = Ad-Hoc|x86
		AppStore|Any CPU = AppStore|Any CPU
		AppStore|ARM = AppStore|ARM
		AppStore|iPhone = AppStore|iPhone
		AppStore|iPhoneSimulator = AppStore|iPhoneSimulator
		AppStore|x64 = AppStore|x64
		AppStore|x86 = AppStore|x86
		Debug|Any CPU = Debug|Any CPU
		Debug|ARM = Debug|ARM
		Debug|iPhone = Debug|iPhone
		Debug|iPhoneSimulator = Debug|iPhoneSimulator
		Debug|x64 = Debug|x64
		Debug|x86 = Debug|x86
		Release|Any CPU = Release|Any CPU
		Release|ARM = Release|ARM
		Release|iPhone = Release|iPhone
		Release|iPhoneSimulator = Release|iPhoneSimulator
		Release|x64 = Release|x64
		Release|x86 = Release|x86
	EndGlobalSection
	GlobalSection(ProjectConfigurationPlatforms) = postSolution
		{CBD3EEB4-FA94-4E45-BDF9-2ED7999A2394}.Ad-Hoc|Any CPU.ActiveCfg = Release|Any CPU
		{CBD3EEB4-FA94-4E45-BDF9-2ED7999A2394}.Ad-Hoc|Any CPU.Build.0 = Release|Any CPU
		{CBD3EEB4-FA94-4E45-BDF9-2ED7999A2394}.Ad-Hoc|ARM.ActiveCfg = Release|Any CPU
		{CBD3EEB4-FA94-4E45-BDF9-2ED7999A2394}.Ad-Hoc|ARM.Build.0 = Release|Any CPU
		{CBD3EEB4-FA94-4E45-BDF9-2ED7999A2394}.Ad-Hoc|iPhone.ActiveCfg = Release|Any CPU
		{CBD3EEB4-FA94-4E45-BDF9-2ED7999A2394}.Ad-Hoc|iPhone.Build.0 = Release|Any CPU
		{CBD3EEB4-FA94-4E45-BDF9-2ED7999A2394}.Ad-Hoc|iPhoneSimulator.ActiveCfg = Release|Any CPU
		{CBD3EEB4-FA94-4E45-BDF9-2ED7999A2394}.Ad-Hoc|iPhoneSimulator.Build.0 = Release|Any CPU
		{CBD3EEB4-FA94-4E45-BDF9-2ED7999A2394}.Ad-Hoc|x64.ActiveCfg = Release|Any CPU
		{CBD3EEB4-FA94-4E45-BDF9-2ED7999A2394}.Ad-Hoc|x64.Build.0 = Release|Any CPU
		{CBD3EEB4-FA94-4E45-BDF9-2ED7999A2394}.Ad-Hoc|x86.ActiveCfg = Release|Any CPU
		{CBD3EEB4-FA94-4E45-BDF9-2ED7999A2394}.Ad-Hoc|x86.Build.0 = Release|Any CPU
		{CBD3EEB4-FA94-4E45-BDF9-2ED7999A2394}.AppStore|Any CPU.ActiveCfg = Release|Any CPU
		{CBD3EEB4-FA94-4E45-BDF9-2ED7999A2394}.AppStore|Any CPU.Build.0 = Release|Any CPU
		{CBD3EEB4-FA94-4E45-BDF9-2ED7999A2394}.AppStore|ARM.ActiveCfg = Release|Any CPU
		{CBD3EEB4-FA94-4E45-BDF9-2ED7999A2394}.AppStore|ARM.Build.0 = Release|Any CPU
		{CBD3EEB4-FA94-4E45-BDF9-2ED7999A2394}.AppStore|iPhone.ActiveCfg = Release|Any CPU
		{CBD3EEB4-FA94-4E45-BDF9-2ED7999A2394}.AppStore|iPhone.Build.0 = Release|Any CPU
		{CBD3EEB4-FA94-4E45-BDF9-2ED7999A2394}.AppStore|iPhoneSimulator.ActiveCfg = Release|Any CPU
		{CBD3EEB4-FA94-4E45-BDF9-2ED7999A2394}.AppStore|iPhoneSimulator.Build.0 = Release|Any CPU
		{CBD3EEB4-FA94-4E45-BDF9-2ED7999A2394}.AppStore|x64.ActiveCfg = Release|Any CPU
		{CBD3EEB4-FA94-4E45-BDF9-2ED7999A2394}.AppStore|x64.Build.0 = Release|Any CPU
		{CBD3EEB4-FA94-4E45-BDF9-2ED7999A2394}.AppStore|x86.ActiveCfg = Release|Any CPU
		{CBD3EEB4-FA94-4E45-BDF9-2ED7999A2394}.AppStore|x86.Build.0 = Release|Any CPU
		{CBD3EEB4-FA94-4E45-BDF9-2ED7999A2394}.Debug|Any CPU.ActiveCfg = Debug|Any CPU
		{CBD3EEB4-FA94-4E45-BDF9-2ED7999A2394}.Debug|Any CPU.Build.0 = Debug|Any CPU
		{CBD3EEB4-FA94-4E45-BDF9-2ED7999A2394}.Debug|ARM.ActiveCfg = Debug|Any CPU
		{CBD3EEB4-FA94-4E45-BDF9-2ED7999A2394}.Debug|ARM.Build.0 = Debug|Any CPU
		{CBD3EEB4-FA94-4E45-BDF9-2ED7999A2394}.Debug|iPhone.ActiveCfg = Debug|Any CPU
		{CBD3EEB4-FA94-4E45-BDF9-2ED7999A2394}.Debug|iPhone.Build.0 = Debug|Any CPU
		{CBD3EEB4-FA94-4E45-BDF9-2ED7999A2394}.Debug|iPhoneSimulator.ActiveCfg = Debug|Any CPU
		{CBD3EEB4-FA94-4E45-BDF9-2ED7999A2394}.Debug|iPhoneSimulator.Build.0 = Debug|Any CPU
		{CBD3EEB4-FA94-4E45-BDF9-2ED7999A2394}.Debug|x64.ActiveCfg = Debug|Any CPU
		{CBD3EEB4-FA94-4E45-BDF9-2ED7999A2394}.Debug|x64.Build.0 = Debug|Any CPU
		{CBD3EEB4-FA94-4E45-BDF9-2ED7999A2394}.Debug|x86.ActiveCfg = Debug|Any CPU
		{CBD3EEB4-FA94-4E45-BDF9-2ED7999A2394}.Debug|x86.Build.0 = Debug|Any CPU
		{CBD3EEB4-FA94-4E45-BDF9-2ED7999A2394}.Release|Any CPU.ActiveCfg = Release|Any CPU
		{CBD3EEB4-FA94-4E45-BDF9-2ED7999A2394}.Release|Any CPU.Build.0 = Release|Any CPU
		{CBD3EEB4-FA94-4E45-BDF9-2ED7999A2394}.Release|ARM.ActiveCfg = Release|Any CPU
		{CBD3EEB4-FA94-4E45-BDF9-2ED7999A2394}.Release|ARM.Build.0 = Release|Any CPU
		{CBD3EEB4-FA94-4E45-BDF9-2ED7999A2394}.Release|iPhone.ActiveCfg = Release|Any CPU
		{CBD3EEB4-FA94-4E45-BDF9-2ED7999A2394}.Release|iPhone.Build.0 = Release|Any CPU
		{CBD3EEB4-FA94-4E45-BDF9-2ED7999A2394}.Release|iPhoneSimulator.ActiveCfg = Release|Any CPU
		{CBD3EEB4-FA94-4E45-BDF9-2ED7999A2394}.Release|iPhoneSimulator.Build.0 = Release|Any CPU
		{CBD3EEB4-FA94-4E45-BDF9-2ED7999A2394}.Release|x64.ActiveCfg = Release|Any CPU
		{CBD3EEB4-FA94-4E45-BDF9-2ED7999A2394}.Release|x64.Build.0 = Release|Any CPU
		{CBD3EEB4-FA94-4E45-BDF9-2ED7999A2394}.Release|x86.ActiveCfg = Release|Any CPU
		{CBD3EEB4-FA94-4E45-BDF9-2ED7999A2394}.Release|x86.Build.0 = Release|Any CPU
		{F0D8C500-36F2-4BF6-83F6-EAEA680A345B}.Ad-Hoc|Any CPU.ActiveCfg = Ad-Hoc|iPhone
		{F0D8C500-36F2-4BF6-83F6-EAEA680A345B}.Ad-Hoc|ARM.ActiveCfg = Ad-Hoc|iPhone
		{F0D8C500-36F2-4BF6-83F6-EAEA680A345B}.Ad-Hoc|iPhone.ActiveCfg = Ad-Hoc|iPhone
		{F0D8C500-36F2-4BF6-83F6-EAEA680A345B}.Ad-Hoc|iPhone.Build.0 = Ad-Hoc|iPhone
		{F0D8C500-36F2-4BF6-83F6-EAEA680A345B}.Ad-Hoc|iPhoneSimulator.ActiveCfg = Ad-Hoc|iPhoneSimulator
		{F0D8C500-36F2-4BF6-83F6-EAEA680A345B}.Ad-Hoc|iPhoneSimulator.Build.0 = Ad-Hoc|iPhoneSimulator
		{F0D8C500-36F2-4BF6-83F6-EAEA680A345B}.Ad-Hoc|x64.ActiveCfg = Ad-Hoc|iPhone
		{F0D8C500-36F2-4BF6-83F6-EAEA680A345B}.Ad-Hoc|x86.ActiveCfg = Ad-Hoc|iPhone
		{F0D8C500-36F2-4BF6-83F6-EAEA680A345B}.AppStore|Any CPU.ActiveCfg = AppStore|iPhone
		{F0D8C500-36F2-4BF6-83F6-EAEA680A345B}.AppStore|ARM.ActiveCfg = AppStore|iPhone
		{F0D8C500-36F2-4BF6-83F6-EAEA680A345B}.AppStore|iPhone.ActiveCfg = AppStore|iPhone
		{F0D8C500-36F2-4BF6-83F6-EAEA680A345B}.AppStore|iPhone.Build.0 = AppStore|iPhone
		{F0D8C500-36F2-4BF6-83F6-EAEA680A345B}.AppStore|iPhoneSimulator.ActiveCfg = AppStore|iPhoneSimulator
		{F0D8C500-36F2-4BF6-83F6-EAEA680A345B}.AppStore|iPhoneSimulator.Build.0 = AppStore|iPhoneSimulator
		{F0D8C500-36F2-4BF6-83F6-EAEA680A345B}.AppStore|x64.ActiveCfg = AppStore|iPhone
		{F0D8C500-36F2-4BF6-83F6-EAEA680A345B}.AppStore|x86.ActiveCfg = AppStore|iPhone
		{F0D8C500-36F2-4BF6-83F6-EAEA680A345B}.Debug|Any CPU.ActiveCfg = Debug|iPhone
		{F0D8C500-36F2-4BF6-83F6-EAEA680A345B}.Debug|ARM.ActiveCfg = Debug|iPhone
		{F0D8C500-36F2-4BF6-83F6-EAEA680A345B}.Debug|iPhone.ActiveCfg = Debug|iPhone
		{F0D8C500-36F2-4BF6-83F6-EAEA680A345B}.Debug|iPhone.Build.0 = Debug|iPhone
		{F0D8C500-36F2-4BF6-83F6-EAEA680A345B}.Debug|iPhoneSimulator.ActiveCfg = Debug|iPhoneSimulator
		{F0D8C500-36F2-4BF6-83F6-EAEA680A345B}.Debug|iPhoneSimulator.Build.0 = Debug|iPhoneSimulator
		{F0D8C500-36F2-4BF6-83F6-EAEA680A345B}.Debug|x64.ActiveCfg = Debug|iPhone
		{F0D8C500-36F2-4BF6-83F6-EAEA680A345B}.Debug|x86.ActiveCfg = Debug|iPhone
		{F0D8C500-36F2-4BF6-83F6-EAEA680A345B}.Release|Any CPU.ActiveCfg = Release|iPhone
		{F0D8C500-36F2-4BF6-83F6-EAEA680A345B}.Release|ARM.ActiveCfg = Release|iPhone
		{F0D8C500-36F2-4BF6-83F6-EAEA680A345B}.Release|iPhone.ActiveCfg = Release|iPhone
		{F0D8C500-36F2-4BF6-83F6-EAEA680A345B}.Release|iPhone.Build.0 = Release|iPhone
		{F0D8C500-36F2-4BF6-83F6-EAEA680A345B}.Release|iPhoneSimulator.ActiveCfg = Release|iPhoneSimulator
		{F0D8C500-36F2-4BF6-83F6-EAEA680A345B}.Release|iPhoneSimulator.Build.0 = Release|iPhoneSimulator
		{F0D8C500-36F2-4BF6-83F6-EAEA680A345B}.Release|x64.ActiveCfg = Release|iPhone
		{F0D8C500-36F2-4BF6-83F6-EAEA680A345B}.Release|x86.ActiveCfg = Release|iPhone
		{64E0D128-626B-488B-8C38-FFB3F791416E}.Ad-Hoc|Any CPU.ActiveCfg = Release|x86
		{64E0D128-626B-488B-8C38-FFB3F791416E}.Ad-Hoc|Any CPU.Build.0 = Release|x86
		{64E0D128-626B-488B-8C38-FFB3F791416E}.Ad-Hoc|Any CPU.Deploy.0 = Release|x86
		{64E0D128-626B-488B-8C38-FFB3F791416E}.Ad-Hoc|ARM.ActiveCfg = Release|ARM
		{64E0D128-626B-488B-8C38-FFB3F791416E}.Ad-Hoc|ARM.Build.0 = Release|ARM
		{64E0D128-626B-488B-8C38-FFB3F791416E}.Ad-Hoc|ARM.Deploy.0 = Release|ARM
		{64E0D128-626B-488B-8C38-FFB3F791416E}.Ad-Hoc|iPhone.ActiveCfg = Release|x86
		{64E0D128-626B-488B-8C38-FFB3F791416E}.Ad-Hoc|iPhone.Build.0 = Release|x86
		{64E0D128-626B-488B-8C38-FFB3F791416E}.Ad-Hoc|iPhone.Deploy.0 = Release|x86
		{64E0D128-626B-488B-8C38-FFB3F791416E}.Ad-Hoc|iPhoneSimulator.ActiveCfg = Release|x86
		{64E0D128-626B-488B-8C38-FFB3F791416E}.Ad-Hoc|iPhoneSimulator.Build.0 = Release|x86
		{64E0D128-626B-488B-8C38-FFB3F791416E}.Ad-Hoc|iPhoneSimulator.Deploy.0 = Release|x86
		{64E0D128-626B-488B-8C38-FFB3F791416E}.Ad-Hoc|x64.ActiveCfg = Release|x64
		{64E0D128-626B-488B-8C38-FFB3F791416E}.Ad-Hoc|x64.Build.0 = Release|x64
		{64E0D128-626B-488B-8C38-FFB3F791416E}.Ad-Hoc|x64.Deploy.0 = Release|x64
		{64E0D128-626B-488B-8C38-FFB3F791416E}.Ad-Hoc|x86.ActiveCfg = Release|x86
		{64E0D128-626B-488B-8C38-FFB3F791416E}.Ad-Hoc|x86.Build.0 = Release|x86
		{64E0D128-626B-488B-8C38-FFB3F791416E}.Ad-Hoc|x86.Deploy.0 = Release|x86
		{64E0D128-626B-488B-8C38-FFB3F791416E}.AppStore|Any CPU.ActiveCfg = Release|x86
		{64E0D128-626B-488B-8C38-FFB3F791416E}.AppStore|Any CPU.Build.0 = Release|x86
		{64E0D128-626B-488B-8C38-FFB3F791416E}.AppStore|Any CPU.Deploy.0 = Release|x86
		{64E0D128-626B-488B-8C38-FFB3F791416E}.AppStore|ARM.ActiveCfg = Release|ARM
		{64E0D128-626B-488B-8C38-FFB3F791416E}.AppStore|ARM.Build.0 = Release|ARM
		{64E0D128-626B-488B-8C38-FFB3F791416E}.AppStore|ARM.Deploy.0 = Release|ARM
		{64E0D128-626B-488B-8C38-FFB3F791416E}.AppStore|iPhone.ActiveCfg = Release|x86
		{64E0D128-626B-488B-8C38-FFB3F791416E}.AppStore|iPhone.Build.0 = Release|x86
		{64E0D128-626B-488B-8C38-FFB3F791416E}.AppStore|iPhone.Deploy.0 = Release|x86
		{64E0D128-626B-488B-8C38-FFB3F791416E}.AppStore|iPhoneSimulator.ActiveCfg = Release|x86
		{64E0D128-626B-488B-8C38-FFB3F791416E}.AppStore|iPhoneSimulator.Build.0 = Release|x86
		{64E0D128-626B-488B-8C38-FFB3F791416E}.AppStore|iPhoneSimulator.Deploy.0 = Release|x86
		{64E0D128-626B-488B-8C38-FFB3F791416E}.AppStore|x64.ActiveCfg = Release|x64
		{64E0D128-626B-488B-8C38-FFB3F791416E}.AppStore|x64.Build.0 = Release|x64
		{64E0D128-626B-488B-8C38-FFB3F791416E}.AppStore|x64.Deploy.0 = Release|x64
		{64E0D128-626B-488B-8C38-FFB3F791416E}.AppStore|x86.ActiveCfg = Release|x86
		{64E0D128-626B-488B-8C38-FFB3F791416E}.AppStore|x86.Build.0 = Release|x86
		{64E0D128-626B-488B-8C38-FFB3F791416E}.AppStore|x86.Deploy.0 = Release|x86
		{64E0D128-626B-488B-8C38-FFB3F791416E}.Debug|Any CPU.ActiveCfg = Debug|x86
		{64E0D128-626B-488B-8C38-FFB3F791416E}.Debug|ARM.ActiveCfg = Debug|ARM
		{64E0D128-626B-488B-8C38-FFB3F791416E}.Debug|ARM.Build.0 = Debug|ARM
		{64E0D128-626B-488B-8C38-FFB3F791416E}.Debug|ARM.Deploy.0 = Debug|ARM
		{64E0D128-626B-488B-8C38-FFB3F791416E}.Debug|iPhone.ActiveCfg = Debug|x86
		{64E0D128-626B-488B-8C38-FFB3F791416E}.Debug|iPhoneSimulator.ActiveCfg = Debug|x86
		{64E0D128-626B-488B-8C38-FFB3F791416E}.Debug|x64.ActiveCfg = Debug|x64
		{64E0D128-626B-488B-8C38-FFB3F791416E}.Debug|x64.Build.0 = Debug|x64
		{64E0D128-626B-488B-8C38-FFB3F791416E}.Debug|x64.Deploy.0 = Debug|x64
		{64E0D128-626B-488B-8C38-FFB3F791416E}.Debug|x86.ActiveCfg = Debug|x86
		{64E0D128-626B-488B-8C38-FFB3F791416E}.Debug|x86.Build.0 = Debug|x86
		{64E0D128-626B-488B-8C38-FFB3F791416E}.Debug|x86.Deploy.0 = Debug|x86
		{64E0D128-626B-488B-8C38-FFB3F791416E}.Release|Any CPU.ActiveCfg = Release|x86
		{64E0D128-626B-488B-8C38-FFB3F791416E}.Release|ARM.ActiveCfg = Release|ARM
		{64E0D128-626B-488B-8C38-FFB3F791416E}.Release|ARM.Build.0 = Release|ARM
		{64E0D128-626B-488B-8C38-FFB3F791416E}.Release|ARM.Deploy.0 = Release|ARM
		{64E0D128-626B-488B-8C38-FFB3F791416E}.Release|iPhone.ActiveCfg = Release|x86
		{64E0D128-626B-488B-8C38-FFB3F791416E}.Release|iPhoneSimulator.ActiveCfg = Release|x86
		{64E0D128-626B-488B-8C38-FFB3F791416E}.Release|x64.ActiveCfg = Release|x64
		{64E0D128-626B-488B-8C38-FFB3F791416E}.Release|x64.Build.0 = Release|x64
		{64E0D128-626B-488B-8C38-FFB3F791416E}.Release|x64.Deploy.0 = Release|x64
		{64E0D128-626B-488B-8C38-FFB3F791416E}.Release|x86.ActiveCfg = Release|x86
		{64E0D128-626B-488B-8C38-FFB3F791416E}.Release|x86.Build.0 = Release|x86
		{64E0D128-626B-488B-8C38-FFB3F791416E}.Release|x86.Deploy.0 = Release|x86
		{D062ADD0-FC41-4C74-B39A-8594D5AD5BE0}.Ad-Hoc|Any CPU.ActiveCfg = Debug|Any CPU
		{D062ADD0-FC41-4C74-B39A-8594D5AD5BE0}.Ad-Hoc|Any CPU.Build.0 = Debug|Any CPU
		{D062ADD0-FC41-4C74-B39A-8594D5AD5BE0}.Ad-Hoc|ARM.ActiveCfg = Debug|Any CPU
		{D062ADD0-FC41-4C74-B39A-8594D5AD5BE0}.Ad-Hoc|ARM.Build.0 = Debug|Any CPU
		{D062ADD0-FC41-4C74-B39A-8594D5AD5BE0}.Ad-Hoc|iPhone.ActiveCfg = Debug|Any CPU
		{D062ADD0-FC41-4C74-B39A-8594D5AD5BE0}.Ad-Hoc|iPhone.Build.0 = Debug|Any CPU
		{D062ADD0-FC41-4C74-B39A-8594D5AD5BE0}.Ad-Hoc|iPhoneSimulator.ActiveCfg = Debug|Any CPU
		{D062ADD0-FC41-4C74-B39A-8594D5AD5BE0}.Ad-Hoc|iPhoneSimulator.Build.0 = Debug|Any CPU
		{D062ADD0-FC41-4C74-B39A-8594D5AD5BE0}.Ad-Hoc|x64.ActiveCfg = Debug|Any CPU
		{D062ADD0-FC41-4C74-B39A-8594D5AD5BE0}.Ad-Hoc|x64.Build.0 = Debug|Any CPU
		{D062ADD0-FC41-4C74-B39A-8594D5AD5BE0}.Ad-Hoc|x86.ActiveCfg = Debug|Any CPU
		{D062ADD0-FC41-4C74-B39A-8594D5AD5BE0}.Ad-Hoc|x86.Build.0 = Debug|Any CPU
		{D062ADD0-FC41-4C74-B39A-8594D5AD5BE0}.AppStore|Any CPU.ActiveCfg = Debug|Any CPU
		{D062ADD0-FC41-4C74-B39A-8594D5AD5BE0}.AppStore|Any CPU.Build.0 = Debug|Any CPU
		{D062ADD0-FC41-4C74-B39A-8594D5AD5BE0}.AppStore|ARM.ActiveCfg = Debug|Any CPU
		{D062ADD0-FC41-4C74-B39A-8594D5AD5BE0}.AppStore|ARM.Build.0 = Debug|Any CPU
		{D062ADD0-FC41-4C74-B39A-8594D5AD5BE0}.AppStore|iPhone.ActiveCfg = Debug|Any CPU
		{D062ADD0-FC41-4C74-B39A-8594D5AD5BE0}.AppStore|iPhone.Build.0 = Debug|Any CPU
		{D062ADD0-FC41-4C74-B39A-8594D5AD5BE0}.AppStore|iPhoneSimulator.ActiveCfg = Debug|Any CPU
		{D062ADD0-FC41-4C74-B39A-8594D5AD5BE0}.AppStore|iPhoneSimulator.Build.0 = Debug|Any CPU
		{D062ADD0-FC41-4C74-B39A-8594D5AD5BE0}.AppStore|x64.ActiveCfg = Debug|Any CPU
		{D062ADD0-FC41-4C74-B39A-8594D5AD5BE0}.AppStore|x64.Build.0 = Debug|Any CPU
		{D062ADD0-FC41-4C74-B39A-8594D5AD5BE0}.AppStore|x86.ActiveCfg = Debug|Any CPU
		{D062ADD0-FC41-4C74-B39A-8594D5AD5BE0}.AppStore|x86.Build.0 = Debug|Any CPU
		{D062ADD0-FC41-4C74-B39A-8594D5AD5BE0}.Debug|Any CPU.ActiveCfg = Debug|Any CPU
		{D062ADD0-FC41-4C74-B39A-8594D5AD5BE0}.Debug|Any CPU.Build.0 = Debug|Any CPU
		{D062ADD0-FC41-4C74-B39A-8594D5AD5BE0}.Debug|ARM.ActiveCfg = Debug|Any CPU
		{D062ADD0-FC41-4C74-B39A-8594D5AD5BE0}.Debug|ARM.Build.0 = Debug|Any CPU
		{D062ADD0-FC41-4C74-B39A-8594D5AD5BE0}.Debug|iPhone.ActiveCfg = Debug|Any CPU
		{D062ADD0-FC41-4C74-B39A-8594D5AD5BE0}.Debug|iPhone.Build.0 = Debug|Any CPU
		{D062ADD0-FC41-4C74-B39A-8594D5AD5BE0}.Debug|iPhoneSimulator.ActiveCfg = Debug|Any CPU
		{D062ADD0-FC41-4C74-B39A-8594D5AD5BE0}.Debug|iPhoneSimulator.Build.0 = Debug|Any CPU
		{D062ADD0-FC41-4C74-B39A-8594D5AD5BE0}.Debug|x64.ActiveCfg = Debug|Any CPU
		{D062ADD0-FC41-4C74-B39A-8594D5AD5BE0}.Debug|x64.Build.0 = Debug|Any CPU
		{D062ADD0-FC41-4C74-B39A-8594D5AD5BE0}.Debug|x86.ActiveCfg = Debug|Any CPU
		{D062ADD0-FC41-4C74-B39A-8594D5AD5BE0}.Debug|x86.Build.0 = Debug|Any CPU
		{D062ADD0-FC41-4C74-B39A-8594D5AD5BE0}.Release|Any CPU.ActiveCfg = Release|Any CPU
		{D062ADD0-FC41-4C74-B39A-8594D5AD5BE0}.Release|Any CPU.Build.0 = Release|Any CPU
		{D062ADD0-FC41-4C74-B39A-8594D5AD5BE0}.Release|ARM.ActiveCfg = Release|Any CPU
		{D062ADD0-FC41-4C74-B39A-8594D5AD5BE0}.Release|ARM.Build.0 = Release|Any CPU
		{D062ADD0-FC41-4C74-B39A-8594D5AD5BE0}.Release|iPhone.ActiveCfg = Release|Any CPU
		{D062ADD0-FC41-4C74-B39A-8594D5AD5BE0}.Release|iPhone.Build.0 = Release|Any CPU
		{D062ADD0-FC41-4C74-B39A-8594D5AD5BE0}.Release|iPhoneSimulator.ActiveCfg = Release|Any CPU
		{D062ADD0-FC41-4C74-B39A-8594D5AD5BE0}.Release|iPhoneSimulator.Build.0 = Release|Any CPU
		{D062ADD0-FC41-4C74-B39A-8594D5AD5BE0}.Release|x64.ActiveCfg = Release|Any CPU
		{D062ADD0-FC41-4C74-B39A-8594D5AD5BE0}.Release|x64.Build.0 = Release|Any CPU
		{D062ADD0-FC41-4C74-B39A-8594D5AD5BE0}.Release|x86.ActiveCfg = Release|Any CPU
		{D062ADD0-FC41-4C74-B39A-8594D5AD5BE0}.Release|x86.Build.0 = Release|Any CPU
		{72BD0771-DD45-4604-90C7-07733819B29A}.Ad-Hoc|Any CPU.ActiveCfg = Release|Any CPU
		{72BD0771-DD45-4604-90C7-07733819B29A}.Ad-Hoc|Any CPU.Build.0 = Release|Any CPU
		{72BD0771-DD45-4604-90C7-07733819B29A}.Ad-Hoc|Any CPU.Deploy.0 = Release|Any CPU
		{72BD0771-DD45-4604-90C7-07733819B29A}.Ad-Hoc|ARM.ActiveCfg = Release|Any CPU
		{72BD0771-DD45-4604-90C7-07733819B29A}.Ad-Hoc|ARM.Build.0 = Release|Any CPU
		{72BD0771-DD45-4604-90C7-07733819B29A}.Ad-Hoc|ARM.Deploy.0 = Release|Any CPU
		{72BD0771-DD45-4604-90C7-07733819B29A}.Ad-Hoc|iPhone.ActiveCfg = Release|Any CPU
		{72BD0771-DD45-4604-90C7-07733819B29A}.Ad-Hoc|iPhone.Build.0 = Release|Any CPU
		{72BD0771-DD45-4604-90C7-07733819B29A}.Ad-Hoc|iPhone.Deploy.0 = Release|Any CPU
		{72BD0771-DD45-4604-90C7-07733819B29A}.Ad-Hoc|iPhoneSimulator.ActiveCfg = Release|Any CPU
		{72BD0771-DD45-4604-90C7-07733819B29A}.Ad-Hoc|iPhoneSimulator.Build.0 = Release|Any CPU
		{72BD0771-DD45-4604-90C7-07733819B29A}.Ad-Hoc|iPhoneSimulator.Deploy.0 = Release|Any CPU
		{72BD0771-DD45-4604-90C7-07733819B29A}.Ad-Hoc|x64.ActiveCfg = Release|Any CPU
		{72BD0771-DD45-4604-90C7-07733819B29A}.Ad-Hoc|x64.Build.0 = Release|Any CPU
		{72BD0771-DD45-4604-90C7-07733819B29A}.Ad-Hoc|x64.Deploy.0 = Release|Any CPU
		{72BD0771-DD45-4604-90C7-07733819B29A}.Ad-Hoc|x86.ActiveCfg = Release|Any CPU
		{72BD0771-DD45-4604-90C7-07733819B29A}.Ad-Hoc|x86.Build.0 = Release|Any CPU
		{72BD0771-DD45-4604-90C7-07733819B29A}.Ad-Hoc|x86.Deploy.0 = Release|Any CPU
		{72BD0771-DD45-4604-90C7-07733819B29A}.AppStore|Any CPU.ActiveCfg = Release|Any CPU
		{72BD0771-DD45-4604-90C7-07733819B29A}.AppStore|Any CPU.Build.0 = Release|Any CPU
		{72BD0771-DD45-4604-90C7-07733819B29A}.AppStore|Any CPU.Deploy.0 = Release|Any CPU
		{72BD0771-DD45-4604-90C7-07733819B29A}.AppStore|ARM.ActiveCfg = Release|Any CPU
		{72BD0771-DD45-4604-90C7-07733819B29A}.AppStore|ARM.Build.0 = Release|Any CPU
		{72BD0771-DD45-4604-90C7-07733819B29A}.AppStore|ARM.Deploy.0 = Release|Any CPU
		{72BD0771-DD45-4604-90C7-07733819B29A}.AppStore|iPhone.ActiveCfg = Release|Any CPU
		{72BD0771-DD45-4604-90C7-07733819B29A}.AppStore|iPhone.Build.0 = Release|Any CPU
		{72BD0771-DD45-4604-90C7-07733819B29A}.AppStore|iPhone.Deploy.0 = Release|Any CPU
		{72BD0771-DD45-4604-90C7-07733819B29A}.AppStore|iPhoneSimulator.ActiveCfg = Release|Any CPU
		{72BD0771-DD45-4604-90C7-07733819B29A}.AppStore|iPhoneSimulator.Build.0 = Release|Any CPU
		{72BD0771-DD45-4604-90C7-07733819B29A}.AppStore|iPhoneSimulator.Deploy.0 = Release|Any CPU
		{72BD0771-DD45-4604-90C7-07733819B29A}.AppStore|x64.ActiveCfg = Release|Any CPU
		{72BD0771-DD45-4604-90C7-07733819B29A}.AppStore|x64.Build.0 = Release|Any CPU
		{72BD0771-DD45-4604-90C7-07733819B29A}.AppStore|x64.Deploy.0 = Release|Any CPU
		{72BD0771-DD45-4604-90C7-07733819B29A}.AppStore|x86.ActiveCfg = Release|Any CPU
		{72BD0771-DD45-4604-90C7-07733819B29A}.AppStore|x86.Build.0 = Release|Any CPU
		{72BD0771-DD45-4604-90C7-07733819B29A}.AppStore|x86.Deploy.0 = Release|Any CPU
		{72BD0771-DD45-4604-90C7-07733819B29A}.Debug|Any CPU.ActiveCfg = Debug|Any CPU
		{72BD0771-DD45-4604-90C7-07733819B29A}.Debug|Any CPU.Build.0 = Debug|Any CPU
		{72BD0771-DD45-4604-90C7-07733819B29A}.Debug|Any CPU.Deploy.0 = Debug|Any CPU
		{72BD0771-DD45-4604-90C7-07733819B29A}.Debug|ARM.ActiveCfg = Debug|Any CPU
		{72BD0771-DD45-4604-90C7-07733819B29A}.Debug|ARM.Build.0 = Debug|Any CPU
		{72BD0771-DD45-4604-90C7-07733819B29A}.Debug|ARM.Deploy.0 = Debug|Any CPU
		{72BD0771-DD45-4604-90C7-07733819B29A}.Debug|iPhone.ActiveCfg = Debug|Any CPU
		{72BD0771-DD45-4604-90C7-07733819B29A}.Debug|iPhone.Build.0 = Debug|Any CPU
		{72BD0771-DD45-4604-90C7-07733819B29A}.Debug|iPhone.Deploy.0 = Debug|Any CPU
		{72BD0771-DD45-4604-90C7-07733819B29A}.Debug|iPhoneSimulator.ActiveCfg = Debug|Any CPU
		{72BD0771-DD45-4604-90C7-07733819B29A}.Debug|iPhoneSimulator.Build.0 = Debug|Any CPU
		{72BD0771-DD45-4604-90C7-07733819B29A}.Debug|iPhoneSimulator.Deploy.0 = Debug|Any CPU
		{72BD0771-DD45-4604-90C7-07733819B29A}.Debug|x64.ActiveCfg = Debug|Any CPU
		{72BD0771-DD45-4604-90C7-07733819B29A}.Debug|x64.Build.0 = Debug|Any CPU
		{72BD0771-DD45-4604-90C7-07733819B29A}.Debug|x64.Deploy.0 = Debug|Any CPU
		{72BD0771-DD45-4604-90C7-07733819B29A}.Debug|x86.ActiveCfg = Debug|Any CPU
		{72BD0771-DD45-4604-90C7-07733819B29A}.Debug|x86.Build.0 = Debug|Any CPU
		{72BD0771-DD45-4604-90C7-07733819B29A}.Debug|x86.Deploy.0 = Debug|Any CPU
		{72BD0771-DD45-4604-90C7-07733819B29A}.Release|Any CPU.ActiveCfg = Release|Any CPU
		{72BD0771-DD45-4604-90C7-07733819B29A}.Release|Any CPU.Build.0 = Release|Any CPU
		{72BD0771-DD45-4604-90C7-07733819B29A}.Release|Any CPU.Deploy.0 = Release|Any CPU
		{72BD0771-DD45-4604-90C7-07733819B29A}.Release|ARM.ActiveCfg = Release|Any CPU
		{72BD0771-DD45-4604-90C7-07733819B29A}.Release|ARM.Build.0 = Release|Any CPU
		{72BD0771-DD45-4604-90C7-07733819B29A}.Release|ARM.Deploy.0 = Release|Any CPU
		{72BD0771-DD45-4604-90C7-07733819B29A}.Release|iPhone.ActiveCfg = Release|Any CPU
		{72BD0771-DD45-4604-90C7-07733819B29A}.Release|iPhone.Build.0 = Release|Any CPU
		{72BD0771-DD45-4604-90C7-07733819B29A}.Release|iPhone.Deploy.0 = Release|Any CPU
		{72BD0771-DD45-4604-90C7-07733819B29A}.Release|iPhoneSimulator.ActiveCfg = Release|Any CPU
		{72BD0771-DD45-4604-90C7-07733819B29A}.Release|iPhoneSimulator.Build.0 = Release|Any CPU
		{72BD0771-DD45-4604-90C7-07733819B29A}.Release|iPhoneSimulator.Deploy.0 = Release|Any CPU
		{72BD0771-DD45-4604-90C7-07733819B29A}.Release|x64.ActiveCfg = Release|Any CPU
		{72BD0771-DD45-4604-90C7-07733819B29A}.Release|x64.Build.0 = Release|Any CPU
		{72BD0771-DD45-4604-90C7-07733819B29A}.Release|x64.Deploy.0 = Release|Any CPU
		{72BD0771-DD45-4604-90C7-07733819B29A}.Release|x86.ActiveCfg = Release|Any CPU
		{72BD0771-DD45-4604-90C7-07733819B29A}.Release|x86.Build.0 = Release|Any CPU
		{72BD0771-DD45-4604-90C7-07733819B29A}.Release|x86.Deploy.0 = Release|Any CPU
	EndGlobalSection
	GlobalSection(SolutionProperties) = preSolution
		HideSolutionNode = FALSE
	EndGlobalSection
	GlobalSection(ExtensibilityGlobals) = postSolution
		SolutionGuid = {AD4457D5-1E78-40A8-A092-D0C18DC350E0}
	EndGlobalSection
EndGlobal
